<?xml version="1.0" encoding="UTF-8"?>
<Scheme
   LastUpgradeVersion = "0440"
   version = "1.7">
   <BuildAction
      parallelizeBuildables = "YES"
      buildImplicitDependencies = "YES">
      <BuildActionEntries>
         <BuildActionEntry
            buildForTesting = "YES"
            buildForRunning = "YES"
            buildForProfiling = "YES"
            buildForArchiving = "YES"
            buildForAnalyzing = "YES">
            <BuildableReference
               BuildableIdentifier = "primary"
               BlueprintIdentifier = "8D0C4E890486CD37000505A6"
               BuildableName = "3D BoA Editor.app"
               BlueprintName = "3D BoA Editor"
               ReferencedContainer = "container:3D BoA Editor.xcodeproj">
            </BuildableReference>
         </BuildActionEntry>
      </BuildActionEntries>
   </BuildAction>
   <TestAction
      selectedDebuggerIdentifier = "Xcode.DebuggerFoundation.Debugger.LLDB"
      selectedLauncherIdentifier = "Xcode.DebuggerFoundation.Launcher.LLDB"
      shouldUseLaunchSchemeArgsEnv = "YES"
      buildConfiguration = "Debug">
      <Testables>
      </Testables>
      <MacroExpansion>
         <BuildableReference
            BuildableIdentifier = "primary"
            BlueprintIdentifier = "8D0C4E890486CD37000505A6"
            BuildableName = "3D BoA Editor.app"
            BlueprintName = "3D BoA Editor"
            ReferencedContainer = "container:3D BoA Editor.xcodeproj">
         </BuildableReference>
      </MacroExpansion>
   </TestAction>
   <LaunchAction
      selectedDebuggerIdentifier = "Xcode.DebuggerFoundation.Debugger.LLDB"
      selectedLauncherIdentifier = "Xcode.DebuggerFoundation.Launcher.LLDB"
      launchStyle = "0"
      useCustomWorkingDirectory = "NO"
      buildConfiguration = "Debug"
      ignoresPersistentStateOnLaunch = "NO"
      debugDocumentVersioning = "YES"
      allowLocationSimulation = "YES">
      <BuildableProductRunnable>
         <BuildableReference
            BuildableIdentifier = "primary"
            BlueprintIdentifier = "8D0C4E890486CD37000505A6"
            BuildableName = "3D BoA Editor.app"
            BlueprintName = "3D BoA Editor"
            ReferencedContainer = "container:3D BoA Editor.xcodeproj">
         </BuildableReference>
      </BuildableProductRunnable>
      <AdditionalOptions>
      </AdditionalOptions>
   </LaunchAction>
   <ProfileAction
      shouldUseLaunchSchemeArgsEnv = "YES"
      savedToolIdentifier = ""
      useCustomWorkingDirectory = "NO"
      buildConfiguration = "Release"
      debugDocumentVersioning = "YES">
      <BuildableProductRunnable>
         <BuildableReference
            BuildableIdentifier = "primary"
            BlueprintIdentifier = "8D0C4E890486CD37000505A6"
            BuildableName = "3D BoA Editor.app"
            BlueprintName = "3D BoA Editor"
            ReferencedContainer = "container:3D BoA Editor.xcodeproj">
         </BuildableReference>
      </BuildableProductRunnable>
   </ProfileAction>
   <AnalyzeAction
      buildConfiguration = "Debug">
   </AnalyzeAction>
   <ArchiveAction
      buildConfiguration = "Release"
      revealArchiveInOrganizer = "YES">
      <PostActions>
         <ExecutionAction
            ActionType = "Xcode.IDEStandardExecutionActionsCore.ExecutionActionType.ShellScriptAction">
            <ActionContent
               title = "Run Script"
               scriptText = "mv -v &quot;$ARCHIVE_PATH/Products/Users/$USER/Applications/$FULL_PRODUCT_NAME&quot; &quot;$PROJECT_DIR/$TARGET_BUILD_DIR&quot;&#10;rm -rf &quot;$ARCHIVE_PATH&quot;"
               shellToInvoke = "/bin/sh">
               <EnvironmentBuildable>
                  <BuildableReference
                     BuildableIdentifier = "primary"
                     BlueprintIdentifier = "8D0C4E890486CD37000505A6"
                     BuildableName = "3D BoA Editor.app"
                     BlueprintName = "3D BoA Editor"
                     ReferencedContainer = "container:3D BoA Editor.xcodeproj">
                  </BuildableReference>
               </EnvironmentBuildable>
            </ActionContent>
         </ExecutionAction>
      </PostActions>
   </ArchiveAction>
</Scheme>
