// !$*UTF8*$!
{
	archiveVersion = 1;
	classes = {
	};
	objectVersion = 44;
	objects = {

/* Begin PBXBuildFile section */
		8D0C4E8D0486CD37000505A6 /* InfoPlist.strings in Resources */ = {isa = PBXBuildFile; fileRef = 0867D6AAFE840B52C02AAC07 /* InfoPlist.strings */; };
		8D0C4E920486CD37000505A6 /* Carbon.framework in Frameworks */ = {isa = PBXBuildFile; fileRef = 20286C33FDCF999611CA2CEA /* Carbon.framework */; };
		9D2E6DC7152FF00700E5C046 /* Undo.cpp in Sources */ = {isa = PBXBuildFile; fileRef = 9D2E6DC6152FF00700E5C046 /* Undo.cpp */; };
		9D3AB05D137E257000B4F413 /* mode_buttons.png in Resources */ = {isa = PBXBuildFile; fileRef = 9D3AB05C137E257000B4F413 /* mode_buttons.png */; };
		9D8A9600141D4D9300B69D51 /* Blades of Avernum Editor License.pdf in Resources */ = {isa = PBXBuildFile; fileRef = 9D8A95FF141D4D9300B69D51 /* Blades of Avernum Editor License.pdf */; };
		9DF52BC612CFC6DA00D01803 /* QuickTime.framework in Frameworks */ = {isa = PBXBuildFile; fileRef = 9DF52BC412CFC6DA00D01803 /* QuickTime.framework */; };
		9DF52BC712CFC6DA00D01803 /* libstdc++-static.a in Frameworks */ = {isa = PBXBuildFile; fileRef = 9DF52BC512CFC6DA00D01803 /* libstdc++-static.a */; };
		9DF52BE212CFC74D00D01803 /* Bl A Editor.cpp in Sources */ = {isa = PBXBuildFile; fileRef = 9DF52BD612CFC74D00D01803 /* Bl A Editor.cpp */; };
		9DF52BE312CFC74D00D01803 /* Bl A Fileio.cpp in Sources */ = {isa = PBXBuildFile; fileRef = 9DF52BD712CFC74D00D01803 /* Bl A Fileio.cpp */; };
		9DF52BE412CFC74D00D01803 /* dlogtool.cpp in Sources */ = {isa = PBXBuildFile; fileRef = 9DF52BD812CFC74D00D01803 /* dlogtool.cpp */; };
		9DF52BE512CFC74D00D01803 /* EdFcns.cpp in Sources */ = {isa = PBXBuildFile; fileRef = 9DF52BD912CFC74D00D01803 /* EdFcns.cpp */; };
		9DF52BE612CFC74D00D01803 /* EdGlobal.cpp in Sources */ = {isa = PBXBuildFile; fileRef = 9DF52BDA12CFC74D00D01803 /* EdGlobal.cpp */; };
		9DF52BE712CFC74D00D01803 /* EdParser.cpp in Sources */ = {isa = PBXBuildFile; fileRef = 9DF52BDB12CFC74D00D01803 /* EdParser.cpp */; };
		9DF52BE812CFC74D00D01803 /* EdUtils.cpp in Sources */ = {isa = PBXBuildFile; fileRef = 9DF52BDC12CFC74D00D01803 /* EdUtils.cpp */; };
		9DF52BE912CFC74D00D01803 /* Graphics.cpp in Sources */ = {isa = PBXBuildFile; fileRef = 9DF52BDD12CFC74D00D01803 /* Graphics.cpp */; };
		9DF52BEA12CFC74D00D01803 /* keydlgs.cpp in Sources */ = {isa = PBXBuildFile; fileRef = 9DF52BDE12CFC74D00D01803 /* keydlgs.cpp */; };
		9DF52BEB12CFC74D00D01803 /* Library.cpp in Sources */ = {isa = PBXBuildFile; fileRef = 9DF52BDF12CFC74D00D01803 /* Library.cpp */; };
		9DF52BEC12CFC74D00D01803 /* sound.cpp in Sources */ = {isa = PBXBuildFile; fileRef = 9DF52BE012CFC74D00D01803 /* sound.cpp */; };
		9DF52BED12CFC74D00D01803 /* townout.cpp in Sources */ = {isa = PBXBuildFile; fileRef = 9DF52BE112CFC74D00D01803 /* townout.cpp */; };
		9DF52C1512CFCCA400D01803 /* 3D_BoA_su_dsa_pub.pem in Resources */ = {isa = PBXBuildFile; fileRef = 9DF52BEF12CFCCA300D01803 /* 3D_BoA_su_dsa_pub.pem */; };
		9DF52C1612CFCCA400D01803 /* black_LED_button.png in Resources */ = {isa = PBXBuildFile; fileRef = 9DF52BF112CFCCA300D01803 /* black_LED_button.png */; };
		9DF52C1712CFCCA400D01803 /* blank_LED_button.png in Resources */ = {isa = PBXBuildFile; fileRef = 9DF52BF212CFCCA300D01803 /* blank_LED_button.png */; };
		9DF52C1812CFCCA400D01803 /* cancel_button_dn.png in Resources */ = {isa = PBXBuildFile; fileRef = 9DF52BF312CFCCA300D01803 /* cancel_button_dn.png */; };
		9DF52C1912CFCCA400D01803 /* cancel_button.png in Resources */ = {isa = PBXBuildFile; fileRef = 9DF52BF412CFCCA300D01803 /* cancel_button.png */; };
		9DF52C1A12CFCCA400D01803 /* done_button_dn.png in Resources */ = {isa = PBXBuildFile; fileRef = 9DF52BF512CFCCA300D01803 /* done_button_dn.png */; };
		9DF52C1B12CFCCA400D01803 /* done_button.png in Resources */ = {isa = PBXBuildFile; fileRef = 9DF52BF612CFCCA300D01803 /* done_button.png */; };
		9DF52C1C12CFCCA400D01803 /* down_arrow_button_dn.png in Resources */ = {isa = PBXBuildFile; fileRef = 9DF52BF712CFCCA300D01803 /* down_arrow_button_dn.png */; };
		9DF52C1D12CFCCA400D01803 /* down_arrow_button.png in Resources */ = {isa = PBXBuildFile; fileRef = 9DF52BF812CFCCA300D01803 /* down_arrow_button.png */; };
		9DF52C1E12CFCCA400D01803 /* editor_textures.png in Resources */ = {isa = PBXBuildFile; fileRef = 9DF52BF912CFCCA300D01803 /* editor_textures.png */; };
		9DF52C1F12CFCCA400D01803 /* green_LED_button.png in Resources */ = {isa = PBXBuildFile; fileRef = 9DF52BFA12CFCCA300D01803 /* green_LED_button.png */; };
		9DF52C2012CFCCA400D01803 /* green_LED.png in Resources */ = {isa = PBXBuildFile; fileRef = 9DF52BFB12CFCCA300D01803 /* green_LED.png */; };
		9DF52C2112CFCCA400D01803 /* help_button_dn.png in Resources */ = {isa = PBXBuildFile; fileRef = 9DF52BFC12CFCCA300D01803 /* help_button_dn.png */; };
		9DF52C2212CFCCA400D01803 /* help_button.png in Resources */ = {isa = PBXBuildFile; fileRef = 9DF52BFD12CFCCA300D01803 /* help_button.png */; };
		9DF52C2312CFCCA400D01803 /* left_arrow_button_dn.png in Resources */ = {isa = PBXBuildFile; fileRef = 9DF52BFE12CFCCA300D01803 /* left_arrow_button_dn.png */; };
		9DF52C2412CFCCA400D01803 /* left_arrow_button.png in Resources */ = {isa = PBXBuildFile; fileRef = 9DF52BFF12CFCCA300D01803 /* left_arrow_button.png */; };
		9DF52C2512CFCCA400D01803 /* long_wood_button_dn.png in Resources */ = {isa = PBXBuildFile; fileRef = 9DF52C0012CFCCA300D01803 /* long_wood_button_dn.png */; };
		9DF52C2612CFCCA400D01803 /* long_wood_button.png in Resources */ = {isa = PBXBuildFile; fileRef = 9DF52C0112CFCCA300D01803 /* long_wood_button.png */; };
		9DF52C2712CFCCA400D01803 /* red_LED_button.png in Resources */ = {isa = PBXBuildFile; fileRef = 9DF52C0212CFCCA300D01803 /* red_LED_button.png */; };
		9DF52C2812CFCCA400D01803 /* red_LED.png in Resources */ = {isa = PBXBuildFile; fileRef = 9DF52C0312CFCCA300D01803 /* red_LED.png */; };
		9DF52C2912CFCCA400D01803 /* right_arrow_button_dn.png in Resources */ = {isa = PBXBuildFile; fileRef = 9DF52C0412CFCCA300D01803 /* right_arrow_button_dn.png */; };
		9DF52C2A12CFCCA400D01803 /* right_arrow_button.png in Resources */ = {isa = PBXBuildFile; fileRef = 9DF52C0512CFCCA300D01803 /* right_arrow_button.png */; };
		9DF52C2B12CFCCA400D01803 /* sq_wood_button_dn.png in Resources */ = {isa = PBXBuildFile; fileRef = 9DF52C0612CFCCA300D01803 /* sq_wood_button_dn.png */; };
		9DF52C2C12CFCCA400D01803 /* sq_wood_button.png in Resources */ = {isa = PBXBuildFile; fileRef = 9DF52C0712CFCCA300D01803 /* sq_wood_button.png */; };
		9DF52C2D12CFCCA400D01803 /* sw_logo.png in Resources */ = {isa = PBXBuildFile; fileRef = 9DF52C0812CFCCA400D01803 /* sw_logo.png */; };
		9DF52C2E12CFCCA400D01803 /* up_arrow_button_dn.png in Resources */ = {isa = PBXBuildFile; fileRef = 9DF52C0912CFCCA400D01803 /* up_arrow_button_dn.png */; };
		9DF52C2F12CFCCA400D01803 /* up_arrow_button.png in Resources */ = {isa = PBXBuildFile; fileRef = 9DF52C0A12CFCCA400D01803 /* up_arrow_button.png */; };
		9DF52C3012CFCCA400D01803 /* wood_button_dn.png in Resources */ = {isa = PBXBuildFile; fileRef = 9DF52C0B12CFCCA400D01803 /* wood_button_dn.png */; };
		9DF52C3112CFCCA400D01803 /* wood_button.png in Resources */ = {isa = PBXBuildFile; fileRef = 9DF52C0C12CFCCA400D01803 /* wood_button.png */; };
		9DF52C3212CFCCA400D01803 /* character.png in Resources */ = {isa = PBXBuildFile; fileRef = 9DF52C0D12CFCCA400D01803 /* character.png */; };
		9DF52C3312CFCCA400D01803 /* markers.png in Resources */ = {isa = PBXBuildFile; fileRef = 9DF52C0E12CFCCA400D01803 /* markers.png */; };
		9DF52C3412CFCCA400D01803 /* outdoor_buttons.png in Resources */ = {isa = PBXBuildFile; fileRef = 9DF52C0F12CFCCA400D01803 /* outdoor_buttons.png */; };
		9DF52C3512CFCCA400D01803 /* sheet701_patch.png in Resources */ = {isa = PBXBuildFile; fileRef = 9DF52C1012CFCCA400D01803 /* sheet701_patch.png */; };
		9DF52C3612CFCCA400D01803 /* town_buttons.png in Resources */ = {isa = PBXBuildFile; fileRef = 9DF52C1112CFCCA400D01803 /* town_buttons.png */; };
		9DF52C3712CFCCA400D01803 /* BoAScen.icns in Resources */ = {isa = PBXBuildFile; fileRef = 9DF52C1212CFCCA400D01803 /* BoAScen.icns */; };
		9DF52C3812CFCCA400D01803 /* BoAEdAPPL.icns in Resources */ = {isa = PBXBuildFile; fileRef = 9DF52C1412CFCCA400D01803 /* BoAEdAPPL.icns */; };
		9DF52CA412CFD5C500D01803 /* Sparkle.framework in Frameworks */ = {isa = PBXBuildFile; fileRef = 9DF52CA312CFD5C500D01803 /* Sparkle.framework */; };
		9DF52CB512CFD7CF00D01803 /* Sparkle.framework in Copy Frameworks */ = {isa = PBXBuildFile; fileRef = 9DF52CA312CFD5C500D01803 /* Sparkle.framework */; };
		9DF52D2212CFE6FD00D01803 /* Bl A Editor.r in Rez */ = {isa = PBXBuildFile; fileRef = 9DF52C1312CFCCA400D01803 /* Bl A Editor.r */; };
/* End PBXBuildFile section */

/* Begin PBXCopyFilesBuildPhase section */
		9DF52CC212CFD7D500D01803 /* Copy Frameworks */ = {
			isa = PBXCopyFilesBuildPhase;
			buildActionMask = 2147483647;
			dstPath = "";
			dstSubfolderSpec = 10;
			files = (
				9DF52CB512CFD7CF00D01803 /* Sparkle.framework in Copy Frameworks */,
			);
			name = "Copy Frameworks";
			runOnlyForDeploymentPostprocessing = 0;
		};
/* End PBXCopyFilesBuildPhase section */

/* Begin PBXFileReference section */
		0867D6ABFE840B52C02AAC07 /* English */ = {isa = PBXFileReference; fileEncoding = 10; lastKnownFileType = text.plist.strings; name = English; path = English.lproj/InfoPlist.strings; sourceTree = "<group>"; };
		20286C33FDCF999611CA2CEA /* Carbon.framework */ = {isa = PBXFileReference; lastKnownFileType = wrapper.framework; name = Carbon.framework; path = /System/Library/Frameworks/Carbon.framework; sourceTree = "<absolute>"; };
		32DBCF6D0370B57F00C91783 /* 3D BoA Editor_Prefix.pch */ = {isa = PBXFileReference; fileEncoding = 4; lastKnownFileType = sourcecode.c.h; path = "3D BoA Editor_Prefix.pch"; sourceTree = "<group>"; };
		5048396D09E3307300765E4B /* 3D BoA EditorProj.xcconfig */ = {isa = PBXFileReference; fileEncoding = 30; lastKnownFileType = text.xcconfig; path = "3D BoA EditorProj.xcconfig"; sourceTree = "<group>"; };
		5048396E09E3307300765E4B /* 3D BoA EditorTarget.xcconfig */ = {isa = PBXFileReference; fileEncoding = 30; lastKnownFileType = text.xcconfig; path = "3D BoA EditorTarget.xcconfig"; sourceTree = "<group>"; };
		508344B209E5C41E0093A071 /* 3D BoA Editor.app */ = {isa = PBXFileReference; explicitFileType = wrapper.application; includeInIndex = 0; path = "3D BoA Editor.app"; sourceTree = BUILT_PRODUCTS_DIR; };
		8D0C4E960486CD37000505A6 /* Info.plist */ = {isa = PBXFileReference; fileEncoding = 4; lastKnownFileType = text.plist.xml; path = Info.plist; sourceTree = "<group>"; };
		9D2E6DC3152FEFF600E5C046 /* Undo.h */ = {isa = PBXFileReference; fileEncoding = 4; lastKnownFileType = sourcecode.c.h; path = Undo.h; sourceTree = "<group>"; };
		9D2E6DC6152FF00700E5C046 /* Undo.cpp */ = {isa = PBXFileReference; fileEncoding = 4; lastKnownFileType = sourcecode.cpp.cpp; path = Undo.cpp; sourceTree = "<group>"; };
		9D3AB05C137E257000B4F413 /* mode_buttons.png */ = {isa = PBXFileReference; lastKnownFileType = image.png; path = mode_buttons.png; sourceTree = "<group>"; };
		9D8A95FF141D4D9300B69D51 /* Blades of Avernum Editor License.pdf */ = {isa = PBXFileReference; lastKnownFileType = image.pdf; path = "Blades of Avernum Editor License.pdf"; sourceTree = "<group>"; };
		9DF52BC412CFC6DA00D01803 /* QuickTime.framework */ = {isa = PBXFileReference; lastKnownFileType = wrapper.framework; name = QuickTime.framework; path = /System/Library/Frameworks/QuickTime.framework; sourceTree = "<absolute>"; };
		9DF52BC512CFC6DA00D01803 /* libstdc++-static.a */ = {isa = PBXFileReference; lastKnownFileType = archive.ar; name = "libstdc++-static.a"; path = "/usr/lib/libstdc++-static.a"; sourceTree = "<absolute>"; };
		9DF52BC912CFC71800D01803 /* global.h */ = {isa = PBXFileReference; fileEncoding = 4; lastKnownFileType = sourcecode.c.h; path = global.h; sourceTree = "<group>"; };
		9DF52BCA12CFC71800D01803 /* tokntype.h */ = {isa = PBXFileReference; fileEncoding = 4; lastKnownFileType = sourcecode.c.h; path = tokntype.h; sourceTree = "<group>"; };
		9DF52BD612CFC74D00D01803 /* Bl A Editor.cpp */ = {isa = PBXFileReference; fileEncoding = 4; lastKnownFileType = sourcecode.cpp.cpp; path = "Bl A Editor.cpp"; sourceTree = "<group>"; };
		9DF52BD712CFC74D00D01803 /* Bl A Fileio.cpp */ = {isa = PBXFileReference; fileEncoding = 4; lastKnownFileType = sourcecode.cpp.cpp; path = "Bl A Fileio.cpp"; sourceTree = "<group>"; };
		9DF52BD812CFC74D00D01803 /* dlogtool.cpp */ = {isa = PBXFileReference; fileEncoding = 4; lastKnownFileType = sourcecode.cpp.cpp; path = dlogtool.cpp; sourceTree = "<group>"; };
		9DF52BD912CFC74D00D01803 /* EdFcns.cpp */ = {isa = PBXFileReference; fileEncoding = 4; lastKnownFileType = sourcecode.cpp.cpp; path = EdFcns.cpp; sourceTree = "<group>"; };
		9DF52BDA12CFC74D00D01803 /* EdGlobal.cpp */ = {isa = PBXFileReference; fileEncoding = 4; lastKnownFileType = sourcecode.cpp.cpp; path = EdGlobal.cpp; sourceTree = "<group>"; };
		9DF52BDB12CFC74D00D01803 /* EdParser.cpp */ = {isa = PBXFileReference; fileEncoding = 4; lastKnownFileType = sourcecode.cpp.cpp; path = EdParser.cpp; sourceTree = "<group>"; };
		9DF52BDC12CFC74D00D01803 /* EdUtils.cpp */ = {isa = PBXFileReference; fileEncoding = 4; lastKnownFileType = sourcecode.cpp.cpp; path = EdUtils.cpp; sourceTree = "<group>"; };
		9DF52BDD12CFC74D00D01803 /* Graphics.cpp */ = {isa = PBXFileReference; fileEncoding = 4; lastKnownFileType = sourcecode.cpp.cpp; path = Graphics.cpp; sourceTree = "<group>"; };
		9DF52BDE12CFC74D00D01803 /* keydlgs.cpp */ = {isa = PBXFileReference; fileEncoding = 4; lastKnownFileType = sourcecode.cpp.cpp; path = keydlgs.cpp; sourceTree = "<group>"; };
		9DF52BDF12CFC74D00D01803 /* Library.cpp */ = {isa = PBXFileReference; fileEncoding = 4; lastKnownFileType = sourcecode.cpp.cpp; path = Library.cpp; sourceTree = "<group>"; };
		9DF52BE012CFC74D00D01803 /* sound.cpp */ = {isa = PBXFileReference; fileEncoding = 4; lastKnownFileType = sourcecode.cpp.cpp; path = sound.cpp; sourceTree = "<group>"; };
		9DF52BE112CFC74D00D01803 /* townout.cpp */ = {isa = PBXFileReference; fileEncoding = 4; lastKnownFileType = sourcecode.cpp.cpp; path = townout.cpp; sourceTree = "<group>"; };
		9DF52BEF12CFCCA300D01803 /* 3D_BoA_su_dsa_pub.pem */ = {isa = PBXFileReference; fileEncoding = 4; lastKnownFileType = text; path = 3D_BoA_su_dsa_pub.pem; sourceTree = "<group>"; };
		9DF52BF112CFCCA300D01803 /* black_LED_button.png */ = {isa = PBXFileReference; lastKnownFileType = image.png; path = black_LED_button.png; sourceTree = "<group>"; };
		9DF52BF212CFCCA300D01803 /* blank_LED_button.png */ = {isa = PBXFileReference; lastKnownFileType = image.png; path = blank_LED_button.png; sourceTree = "<group>"; };
		9DF52BF312CFCCA300D01803 /* cancel_button_dn.png */ = {isa = PBXFileReference; lastKnownFileType = image.png; path = cancel_button_dn.png; sourceTree = "<group>"; };
		9DF52BF412CFCCA300D01803 /* cancel_button.png */ = {isa = PBXFileReference; lastKnownFileType = image.png; path = cancel_button.png; sourceTree = "<group>"; };
		9DF52BF512CFCCA300D01803 /* done_button_dn.png */ = {isa = PBXFileReference; lastKnownFileType = image.png; path = done_button_dn.png; sourceTree = "<group>"; };
		9DF52BF612CFCCA300D01803 /* done_button.png */ = {isa = PBXFileReference; lastKnownFileType = image.png; path = done_button.png; sourceTree = "<group>"; };
		9DF52BF712CFCCA300D01803 /* down_arrow_button_dn.png */ = {isa = PBXFileReference; lastKnownFileType = image.png; path = down_arrow_button_dn.png; sourceTree = "<group>"; };
		9DF52BF812CFCCA300D01803 /* down_arrow_button.png */ = {isa = PBXFileReference; lastKnownFileType = image.png; path = down_arrow_button.png; sourceTree = "<group>"; };
		9DF52BF912CFCCA300D01803 /* editor_textures.png */ = {isa = PBXFileReference; lastKnownFileType = image.png; path = editor_textures.png; sourceTree = "<group>"; };
		9DF52BFA12CFCCA300D01803 /* green_LED_button.png */ = {isa = PBXFileReference; lastKnownFileType = image.png; path = green_LED_button.png; sourceTree = "<group>"; };
		9DF52BFB12CFCCA300D01803 /* green_LED.png */ = {isa = PBXFileReference; lastKnownFileType = image.png; path = green_LED.png; sourceTree = "<group>"; };
		9DF52BFC12CFCCA300D01803 /* help_button_dn.png */ = {isa = PBXFileReference; lastKnownFileType = image.png; path = help_button_dn.png; sourceTree = "<group>"; };
		9DF52BFD12CFCCA300D01803 /* help_button.png */ = {isa = PBXFileReference; lastKnownFileType = image.png; path = help_button.png; sourceTree = "<group>"; };
		9DF52BFE12CFCCA300D01803 /* left_arrow_button_dn.png */ = {isa = PBXFileReference; lastKnownFileType = image.png; path = left_arrow_button_dn.png; sourceTree = "<group>"; };
		9DF52BFF12CFCCA300D01803 /* left_arrow_button.png */ = {isa = PBXFileReference; lastKnownFileType = image.png; path = left_arrow_button.png; sourceTree = "<group>"; };
		9DF52C0012CFCCA300D01803 /* long_wood_button_dn.png */ = {isa = PBXFileReference; lastKnownFileType = image.png; path = long_wood_button_dn.png; sourceTree = "<group>"; };
		9DF52C0112CFCCA300D01803 /* long_wood_button.png */ = {isa = PBXFileReference; lastKnownFileType = image.png; path = long_wood_button.png; sourceTree = "<group>"; };
		9DF52C0212CFCCA300D01803 /* red_LED_button.png */ = {isa = PBXFileReference; lastKnownFileType = image.png; path = red_LED_button.png; sourceTree = "<group>"; };
		9DF52C0312CFCCA300D01803 /* red_LED.png */ = {isa = PBXFileReference; lastKnownFileType = image.png; path = red_LED.png; sourceTree = "<group>"; };
		9DF52C0412CFCCA300D01803 /* right_arrow_button_dn.png */ = {isa = PBXFileReference; lastKnownFileType = image.png; path = right_arrow_button_dn.png; sourceTree = "<group>"; };
		9DF52C0512CFCCA300D01803 /* right_arrow_button.png */ = {isa = PBXFileReference; lastKnownFileType = image.png; path = right_arrow_button.png; sourceTree = "<group>"; };
		9DF52C0612CFCCA300D01803 /* sq_wood_button_dn.png */ = {isa = PBXFileReference; lastKnownFileType = image.png; path = sq_wood_button_dn.png; sourceTree = "<group>"; };
		9DF52C0712CFCCA300D01803 /* sq_wood_button.png */ = {isa = PBXFileReference; lastKnownFileType = image.png; path = sq_wood_button.png; sourceTree = "<group>"; };
		9DF52C0812CFCCA400D01803 /* sw_logo.png */ = {isa = PBXFileReference; lastKnownFileType = image.png; path = sw_logo.png; sourceTree = "<group>"; };
		9DF52C0912CFCCA400D01803 /* up_arrow_button_dn.png */ = {isa = PBXFileReference; lastKnownFileType = image.png; path = up_arrow_button_dn.png; sourceTree = "<group>"; };
		9DF52C0A12CFCCA400D01803 /* up_arrow_button.png */ = {isa = PBXFileReference; lastKnownFileType = image.png; path = up_arrow_button.png; sourceTree = "<group>"; };
		9DF52C0B12CFCCA400D01803 /* wood_button_dn.png */ = {isa = PBXFileReference; lastKnownFileType = image.png; path = wood_button_dn.png; sourceTree = "<group>"; };
		9DF52C0C12CFCCA400D01803 /* wood_button.png */ = {isa = PBXFileReference; lastKnownFileType = image.png; path = wood_button.png; sourceTree = "<group>"; };
		9DF52C0D12CFCCA400D01803 /* character.png */ = {isa = PBXFileReference; lastKnownFileType = image.png; path = character.png; sourceTree = "<group>"; };
		9DF52C0E12CFCCA400D01803 /* markers.png */ = {isa = PBXFileReference; lastKnownFileType = image.png; path = markers.png; sourceTree = "<group>"; };
		9DF52C0F12CFCCA400D01803 /* outdoor_buttons.png */ = {isa = PBXFileReference; lastKnownFileType = image.png; path = outdoor_buttons.png; sourceTree = "<group>"; };
		9DF52C1012CFCCA400D01803 /* sheet701_patch.png */ = {isa = PBXFileReference; lastKnownFileType = image.png; path = sheet701_patch.png; sourceTree = "<group>"; };
		9DF52C1112CFCCA400D01803 /* town_buttons.png */ = {isa = PBXFileReference; lastKnownFileType = image.png; path = town_buttons.png; sourceTree = "<group>"; };
		9DF52C1212CFCCA400D01803 /* BoAScen.icns */ = {isa = PBXFileReference; lastKnownFileType = image.icns; path = BoAScen.icns; sourceTree = "<group>"; };
		9DF52C1312CFCCA400D01803 /* Bl A Editor.r */ = {isa = PBXFileReference; fileEncoding = 4; lastKnownFileType = sourcecode.rez; path = "Bl A Editor.r"; sourceTree = "<group>"; };
		9DF52C1412CFCCA400D01803 /* BoAEdAPPL.icns */ = {isa = PBXFileReference; lastKnownFileType = image.icns; path = BoAEdAPPL.icns; sourceTree = "<group>"; };
		9DF52CA312CFD5C500D01803 /* Sparkle.framework */ = {isa = PBXFileReference; lastKnownFileType = wrapper.framework; path = Sparkle.framework; sourceTree = "<group>"; };
/* End PBXFileReference section */

/* Begin PBXFrameworksBuildPhase section */
		8D0C4E910486CD37000505A6 /* Frameworks */ = {
			isa = PBXFrameworksBuildPhase;
			buildActionMask = 2147483647;
			files = (
				8D0C4E920486CD37000505A6 /* Carbon.framework in Frameworks */,
				9DF52BC612CFC6DA00D01803 /* QuickTime.framework in Frameworks */,
				9DF52BC712CFC6DA00D01803 /* libstdc++-static.a in Frameworks */,
				9DF52CA412CFD5C500D01803 /* Sparkle.framework in Frameworks */,
			);
			runOnlyForDeploymentPostprocessing = 0;
		};
/* End PBXFrameworksBuildPhase section */

/* Begin PBXGroup section */
		195DF8CFFE9D517E11CA2CBB /* Products */ = {
			isa = PBXGroup;
			children = (
				508344B209E5C41E0093A071 /* 3D BoA Editor.app */,
			);
			name = Products;
			sourceTree = "<group>";
		};
		20286C29FDCF999611CA2CEA /* 3D BoA Editor */ = {
			isa = PBXGroup;
			children = (
				5048396909E3304600765E4B /* Configuration Files */,
				20286C2AFDCF999611CA2CEA /* Headers */,
				9DF52BD512CFC73700D01803 /* Sources */,
				20286C2CFDCF999611CA2CEA /* Resources */,
				20286C32FDCF999611CA2CEA /* External Frameworks and Libraries */,
				195DF8CFFE9D517E11CA2CBB /* Products */,
			);
			name = "3D BoA Editor";
			sourceTree = "<group>";
		};
		20286C2AFDCF999611CA2CEA /* Headers */ = {
			isa = PBXGroup;
			children = (
				32DBCF6D0370B57F00C91783 /* 3D BoA Editor_Prefix.pch */,
				9DF52BC912CFC71800D01803 /* global.h */,
				9DF52BCA12CFC71800D01803 /* tokntype.h */,
				9D2E6DC3152FEFF600E5C046 /* Undo.h */,
			);
			name = Headers;
			sourceTree = "<group>";
		};
		20286C2CFDCF999611CA2CEA /* Resources */ = {
			isa = PBXGroup;
			children = (
				9D8A95FF141D4D9300B69D51 /* Blades of Avernum Editor License.pdf */,
				9DF52BEF12CFCCA300D01803 /* 3D_BoA_su_dsa_pub.pem */,
				9DF52BF012CFCCA300D01803 /* image_resources */,
				9DF52C1212CFCCA400D01803 /* BoAScen.icns */,
				9DF52C1312CFCCA400D01803 /* Bl A Editor.r */,
				9DF52C1412CFCCA400D01803 /* BoAEdAPPL.icns */,
				8D0C4E960486CD37000505A6 /* Info.plist */,
				0867D6AAFE840B52C02AAC07 /* InfoPlist.strings */,
			);
			name = Resources;
			sourceTree = "<group>";
		};
		20286C32FDCF999611CA2CEA /* External Frameworks and Libraries */ = {
			isa = PBXGroup;
			children = (
				9DF52CA312CFD5C500D01803 /* Sparkle.framework */,
				9DF52BC412CFC6DA00D01803 /* QuickTime.framework */,
				9DF52BC512CFC6DA00D01803 /* libstdc++-static.a */,
				20286C33FDCF999611CA2CEA /* Carbon.framework */,
			);
			name = "External Frameworks and Libraries";
			sourceTree = "<group>";
		};
		5048396909E3304600765E4B /* Configuration Files */ = {
			isa = PBXGroup;
			children = (
				5048396D09E3307300765E4B /* 3D BoA EditorProj.xcconfig */,
				5048396E09E3307300765E4B /* 3D BoA EditorTarget.xcconfig */,
			);
			name = "Configuration Files";
			sourceTree = "<group>";
		};
		9DF52BD512CFC73700D01803 /* Sources */ = {
			isa = PBXGroup;
			children = (
				9DF52BD612CFC74D00D01803 /* Bl A Editor.cpp */,
				9DF52BD712CFC74D00D01803 /* Bl A Fileio.cpp */,
				9DF52BD812CFC74D00D01803 /* dlogtool.cpp */,
				9DF52BD912CFC74D00D01803 /* EdFcns.cpp */,
				9DF52BDA12CFC74D00D01803 /* EdGlobal.cpp */,
				9DF52BDB12CFC74D00D01803 /* EdParser.cpp */,
				9DF52BDC12CFC74D00D01803 /* EdUtils.cpp */,
				9DF52BDD12CFC74D00D01803 /* Graphics.cpp */,
				9DF52BDE12CFC74D00D01803 /* keydlgs.cpp */,
				9DF52BDF12CFC74D00D01803 /* Library.cpp */,
				9DF52BE012CFC74D00D01803 /* sound.cpp */,
				9DF52BE112CFC74D00D01803 /* townout.cpp */,
				9D2E6DC6152FF00700E5C046 /* Undo.cpp */,
			);
			name = Sources;
			sourceTree = "<group>";
		};
		9DF52BF012CFCCA300D01803 /* image_resources */ = {
			isa = PBXGroup;
			children = (
				9DF52BF112CFCCA300D01803 /* black_LED_button.png */,
				9DF52BF212CFCCA300D01803 /* blank_LED_button.png */,
				9DF52BF312CFCCA300D01803 /* cancel_button_dn.png */,
				9DF52BF412CFCCA300D01803 /* cancel_button.png */,
				9DF52BF512CFCCA300D01803 /* done_button_dn.png */,
				9DF52BF612CFCCA300D01803 /* done_button.png */,
				9DF52BF712CFCCA300D01803 /* down_arrow_button_dn.png */,
				9DF52BF812CFCCA300D01803 /* down_arrow_button.png */,
				9DF52BF912CFCCA300D01803 /* editor_textures.png */,
				9DF52BFA12CFCCA300D01803 /* green_LED_button.png */,
				9DF52BFB12CFCCA300D01803 /* green_LED.png */,
				9DF52BFC12CFCCA300D01803 /* help_button_dn.png */,
				9DF52BFD12CFCCA300D01803 /* help_button.png */,
				9DF52BFE12CFCCA300D01803 /* left_arrow_button_dn.png */,
				9DF52BFF12CFCCA300D01803 /* left_arrow_button.png */,
				9DF52C0012CFCCA300D01803 /* long_wood_button_dn.png */,
				9DF52C0112CFCCA300D01803 /* long_wood_button.png */,
				9D3AB05C137E257000B4F413 /* mode_buttons.png */,
				9DF52C0212CFCCA300D01803 /* red_LED_button.png */,
				9DF52C0312CFCCA300D01803 /* red_LED.png */,
				9DF52C0412CFCCA300D01803 /* right_arrow_button_dn.png */,
				9DF52C0512CFCCA300D01803 /* right_arrow_button.png */,
				9DF52C0612CFCCA300D01803 /* sq_wood_button_dn.png */,
				9DF52C0712CFCCA300D01803 /* sq_wood_button.png */,
				9DF52C0812CFCCA400D01803 /* sw_logo.png */,
				9DF52C0912CFCCA400D01803 /* up_arrow_button_dn.png */,
				9DF52C0A12CFCCA400D01803 /* up_arrow_button.png */,
				9DF52C0B12CFCCA400D01803 /* wood_button_dn.png */,
				9DF52C0C12CFCCA400D01803 /* wood_button.png */,
				9DF52C0D12CFCCA400D01803 /* character.png */,
				9DF52C0E12CFCCA400D01803 /* markers.png */,
				9DF52C0F12CFCCA400D01803 /* outdoor_buttons.png */,
				9DF52C1012CFCCA400D01803 /* sheet701_patch.png */,
				9DF52C1112CFCCA400D01803 /* town_buttons.png */,
			);
			path = image_resources;
			sourceTree = "<group>";
		};
/* End PBXGroup section */

/* Begin PBXNativeTarget section */
		8D0C4E890486CD37000505A6 /* 3D BoA Editor */ = {
			isa = PBXNativeTarget;
			buildConfigurationList = C0E91AC508A95435008D54AB /* Build configuration list for PBXNativeTarget "3D BoA Editor" */;
			buildPhases = (
				8D0C4E8F0486CD37000505A6 /* Sources */,
				8D0C4E910486CD37000505A6 /* Frameworks */,
				8D0C4E8C0486CD37000505A6 /* Resources */,
				9DF52CC212CFD7D500D01803 /* Copy Frameworks */,
				6A86A27E0688BD08009593BC /* Rez */,
				9DF52CD712CFDCA500D01803 /* Set Bundle Version String */,
			);
			buildRules = (
			);
			dependencies = (
			);
			name = "3D BoA Editor";
			productInstallPath = "$(HOME)/Applications";
			productName = "3D BoA Editor";
			productReference = 508344B209E5C41E0093A071 /* 3D BoA Editor.app */;
			productType = "com.apple.product-type.application";
		};
/* End PBXNativeTarget section */

/* Begin PBXProject section */
		20286C28FDCF999611CA2CEA /* Project object */ = {
			isa = PBXProject;
			buildConfigurationList = C0E91AC908A95435008D54AB /* Build configuration list for PBXProject "3D BoA Editor" */;
			compatibilityVersion = "Xcode 3.0";
			developmentRegion = English;
			hasScannedForEncodings = 1;
			knownRegions = (
				English,
				Japanese,
				French,
				German,
			);
			mainGroup = 20286C29FDCF999611CA2CEA /* 3D BoA Editor */;
			projectDirPath = "";
			projectRoot = "";
			targets = (
				8D0C4E890486CD37000505A6 /* 3D BoA Editor */,
			);
		};
/* End PBXProject section */

/* Begin PBXResourcesBuildPhase section */
		8D0C4E8C0486CD37000505A6 /* Resources */ = {
			isa = PBXResourcesBuildPhase;
			buildActionMask = 2147483647;
			files = (
				8D0C4E8D0486CD37000505A6 /* InfoPlist.strings in Resources */,
				9DF52C1512CFCCA400D01803 /* 3D_BoA_su_dsa_pub.pem in Resources */,
				9DF52C1612CFCCA400D01803 /* black_LED_button.png in Resources */,
				9DF52C1712CFCCA400D01803 /* blank_LED_button.png in Resources */,
				9DF52C1812CFCCA400D01803 /* cancel_button_dn.png in Resources */,
				9DF52C1912CFCCA400D01803 /* cancel_button.png in Resources */,
				9DF52C1A12CFCCA400D01803 /* done_button_dn.png in Resources */,
				9DF52C1B12CFCCA400D01803 /* done_button.png in Resources */,
				9DF52C1C12CFCCA400D01803 /* down_arrow_button_dn.png in Resources */,
				9DF52C1D12CFCCA400D01803 /* down_arrow_button.png in Resources */,
				9DF52C1E12CFCCA400D01803 /* editor_textures.png in Resources */,
				9DF52C1F12CFCCA400D01803 /* green_LED_button.png in Resources */,
				9DF52C2012CFCCA400D01803 /* green_LED.png in Resources */,
				9DF52C2112CFCCA400D01803 /* help_button_dn.png in Resources */,
				9DF52C2212CFCCA400D01803 /* help_button.png in Resources */,
				9DF52C2312CFCCA400D01803 /* left_arrow_button_dn.png in Resources */,
				9DF52C2412CFCCA400D01803 /* left_arrow_button.png in Resources */,
				9DF52C2512CFCCA400D01803 /* long_wood_button_dn.png in Resources */,
				9DF52C2612CFCCA400D01803 /* long_wood_button.png in Resources */,
				9D3AB05D137E257000B4F413 /* mode_buttons.png in Resources */,
				9DF52C2712CFCCA400D01803 /* red_LED_button.png in Resources */,
				9DF52C2812CFCCA400D01803 /* red_LED.png in Resources */,
				9DF52C2912CFCCA400D01803 /* right_arrow_button_dn.png in Resources */,
				9DF52C2A12CFCCA400D01803 /* right_arrow_button.png in Resources */,
				9DF52C2B12CFCCA400D01803 /* sq_wood_button_dn.png in Resources */,
				9DF52C2C12CFCCA400D01803 /* sq_wood_button.png in Resources */,
				9DF52C2D12CFCCA400D01803 /* sw_logo.png in Resources */,
				9DF52C2E12CFCCA400D01803 /* up_arrow_button_dn.png in Resources */,
				9DF52C2F12CFCCA400D01803 /* up_arrow_button.png in Resources */,
				9DF52C3012CFCCA400D01803 /* wood_button_dn.png in Resources */,
				9DF52C3112CFCCA400D01803 /* wood_button.png in Resources */,
				9DF52C3212CFCCA400D01803 /* character.png in Resources */,
				9DF52C3312CFCCA400D01803 /* markers.png in Resources */,
				9DF52C3412CFCCA400D01803 /* outdoor_buttons.png in Resources */,
				9DF52C3512CFCCA400D01803 /* sheet701_patch.png in Resources */,
				9DF52C3612CFCCA400D01803 /* town_buttons.png in Resources */,
				9DF52C3712CFCCA400D01803 /* BoAScen.icns in Resources */,
				9DF52C3812CFCCA400D01803 /* BoAEdAPPL.icns in Resources */,
				9D8A9600141D4D9300B69D51 /* Blades of Avernum Editor License.pdf in Resources */,
			);
			runOnlyForDeploymentPostprocessing = 0;
		};
/* End PBXResourcesBuildPhase section */

/* Begin PBXRezBuildPhase section */
		6A86A27E0688BD08009593BC /* Rez */ = {
			isa = PBXRezBuildPhase;
			buildActionMask = 2147483647;
			files = (
				9DF52D2212CFE6FD00D01803 /* Bl A Editor.r in Rez */,
			);
			runOnlyForDeploymentPostprocessing = 0;
		};
/* End PBXRezBuildPhase section */

/* Begin PBXShellScriptBuildPhase section */
		9DF52CD712CFDCA500D01803 /* Set Bundle Version String */ = {
			isa = PBXShellScriptBuildPhase;
			buildActionMask = 2147483647;
			files = (
			);
			inputPaths = (
			);
			name = "Set Bundle Version String";
			outputPaths = (
			);
			runOnlyForDeploymentPostprocessing = 0;
			shellPath = "/usr/bin/perl -w";
			shellScript = "# Xcode auto-versioning script for Subversion\n# by Axel Andersson, modified by Daniel Jalkut to add\n# Sets the BundleVersion and BundlegetInfoString\n# from the BundleShortVersionString and the current \n# Subversion revision number\n\nuse strict;\n\ndie \"$0: Must be run from Xcode\" unless $ENV{\"BUILT_PRODUCTS_DIR\"};\n\n# Get the current subversion revision number and use it to set the CFBundleVersion value\nmy $REV = `/usr/bin/svnversion -n ./`;\nmy $INFO = \"$ENV{BUILT_PRODUCTS_DIR}/$ENV{WRAPPER_NAME}/Contents/Info.plist\";\n\nmy $version = $REV;\n\n# (Match the last group of digits and optional letter M/S):\n\n# ugly yet functional (barely) regex by Daniel Jalkut:\n#$version =~ s/([\\d]*:)(\\d+[M|S]*).*/$2/;\n\n# better yet still functional regex via Kevin \"Regex Nerd\" Ballard\n($version =~ m/\\d+[MS]*$/) && ($version = $&);\nmy $numver = $version;\n$numver =~ s/(\\d+)[MS]/$1/;\n\ndie \"$0: No Subversion revision found\" unless $version;\n\n#human readable release number\nmy $hver = \"\";\n\nopen(FH, \"$INFO\") or die \"$0: $INFO: $!\";\nmy $info = join(\"\", <FH>);\nclose(FH);\n\nif($info =~ m/[\\t ]+<key>CFBundleShortVersionString<\\/key>\\n[\\t ]+<string>(.*?)<\\/string>/){\n\t$hver = $1;\n}\n$info =~ s/([\\t ]+<key>CFBundleVersion<\\/key>\\n[\\t ]+<string>).*?(<\\/string>)/$1$numver$2/;\n$info =~ s/([\\t ]+<key>CFBundleGetInfoString<\\/key>\\n[\\t ]+<string>).*?(<\\/string>)/$1$hver; build $version$2/;\n\nopen(FH, \">$INFO\") or die \"$0: $INFO: $!\";\nprint FH $info;\nclose(FH);";
		};
/* End PBXShellScriptBuildPhase section */

/* Begin PBXSourcesBuildPhase section */
		8D0C4E8F0486CD37000505A6 /* Sources */ = {
			isa = PBXSourcesBuildPhase;
			buildActionMask = 2147483647;
			files = (
				9DF52BE212CFC74D00D01803 /* Bl A Editor.cpp in Sources */,
				9DF52BE312CFC74D00D01803 /* Bl A Fileio.cpp in Sources */,
				9DF52BE412CFC74D00D01803 /* dlogtool.cpp in Sources */,
				9DF52BE512CFC74D00D01803 /* EdFcns.cpp in Sources */,
				9DF52BE612CFC74D00D01803 /* EdGlobal.cpp in Sources */,
				9DF52BE712CFC74D00D01803 /* EdParser.cpp in Sources */,
				9DF52BE812CFC74D00D01803 /* EdUtils.cpp in Sources */,
				9DF52BE912CFC74D00D01803 /* Graphics.cpp in Sources */,
				9DF52BEA12CFC74D00D01803 /* keydlgs.cpp in Sources */,
				9DF52BEB12CFC74D00D01803 /* Library.cpp in Sources */,
				9DF52BEC12CFC74D00D01803 /* sound.cpp in Sources */,
				9DF52BED12CFC74D00D01803 /* townout.cpp in Sources */,
				9D2E6DC7152FF00700E5C046 /* Undo.cpp in Sources */,
			);
			runOnlyForDeploymentPostprocessing = 0;
		};
/* End PBXSourcesBuildPhase section */

/* Begin PBXVariantGroup section */
		0867D6AAFE840B52C02AAC07 /* InfoPlist.strings */ = {
			isa = PBXVariantGroup;
			children = (
				0867D6ABFE840B52C02AAC07 /* English */,
			);
			name = InfoPlist.strings;
			sourceTree = "<group>";
		};
/* End PBXVariantGroup section */

/* Begin XCBuildConfiguration section */
		C0E91AC608A95435008D54AB /* Debug */ = {
			isa = XCBuildConfiguration;
			baseConfigurationReference = 5048396E09E3307300765E4B /* 3D BoA EditorTarget.xcconfig */;
			buildSettings = {
				ARCHS = (
					"$(ARCHS_STANDARD_32_64_BIT)",
					ppc,
				);
				COPY_PHASE_STRIP = NO;
				FRAMEWORK_SEARCH_PATHS = (
					"$(inherited)",
					"\"$(SRCROOT)\"",
				);
				GCC_PREFIX_HEADER = "3D BoA Editor_Prefix.pch";
				GCC_PREPROCESSOR_DEFINITIONS = (
					"_GLIBCXX_DEBUG=1",
					"_GLIBCXX_DEBUG_PEDANTIC=1",
				);
				VALID_ARCHS = i386;
			};
			name = Debug;
		};
		C0E91AC708A95435008D54AB /* Release */ = {
			isa = XCBuildConfiguration;
			baseConfigurationReference = 5048396E09E3307300765E4B /* 3D BoA EditorTarget.xcconfig */;
			buildSettings = {
				ARCHS = (
					"$(ARCHS_STANDARD_32_64_BIT)",
					ppc,
				);
				DEAD_CODE_STRIPPING = YES;
				DEBUG_INFORMATION_FORMAT = "dwarf-with-dsym";
				FRAMEWORK_SEARCH_PATHS = (
					"$(inherited)",
					"\"$(SRCROOT)\"",
				);
				GCC_PREFIX_HEADER = "3D BoA Editor_Prefix.pch";
				INSTALL_PATH = "$(HOME)/Applications";
				PRESERVE_DEAD_CODE_INITS_AND_TERMS = YES;
				VALID_ARCHS = i386;
			};
			name = Release;
		};
		C0E91ACA08A95435008D54AB /* Debug */ = {
			isa = XCBuildConfiguration;
			baseConfigurationReference = 5048396D09E3307300765E4B /* 3D BoA EditorProj.xcconfig */;
			buildSettings = {
				ARCHS = "$(ARCHS_STANDARD_32_64_BIT_PRE_XCODE_3_1)";
				ARCHS_STANDARD_32_64_BIT_PRE_XCODE_3_1 = "x86_64 i386 ppc";
				GCC_DEBUGGING_SYMBOLS = full;
				GCC_ENABLE_FIX_AND_CONTINUE = YES;
				GCC_OPTIMIZATION_LEVEL = 0;
				GCC_WARN_ABOUT_DEPRECATED_FUNCTIONS = NO;
				GCC_WARN_CHECK_SWITCH_STATEMENTS = YES;
				MACOSX_DEPLOYMENT_TARGET = 10.3;
				SDKROOT = macosx10.5;
				VALID_ARCHS = i386;
				ZERO_LINK = YES;
			};
			name = Debug;
		};
		C0E91ACB08A95435008D54AB /* Release */ = {
			isa = XCBuildConfiguration;
			baseConfigurationReference = 5048396D09E3307300765E4B /* 3D BoA EditorProj.xcconfig */;
			buildSettings = {
				ARCHS = "$(ARCHS_STANDARD_32_64_BIT_PRE_XCODE_3_1)";
				ARCHS_STANDARD_32_64_BIT_PRE_XCODE_3_1 = "x86_64 i386 ppc";
				GCC_WARN_ABOUT_DEPRECATED_FUNCTIONS = NO;
				GCC_WARN_CHECK_SWITCH_STATEMENTS = YES;
				MACOSX_DEPLOYMENT_TARGET = 10.3;
				SDKROOT = macosx10.5;
				SEPARATE_STRIP = YES;
				VALID_ARCHS = i386;
			};
			name = Release;
		};
/* End XCBuildConfiguration section */

/* Begin XCConfigurationList section */
		C0E91AC508A95435008D54AB /* Build configuration list for PBXNativeTarget "3D BoA Editor" */ = {
			isa = XCConfigurationList;
			buildConfigurations = (
				C0E91AC608A95435008D54AB /* Debug */,
				C0E91AC708A95435008D54AB /* Release */,
			);
			defaultConfigurationIsVisible = 0;
			defaultConfigurationName = Release;
		};
		C0E91AC908A95435008D54AB /* Build configuration list for PBXProject "3D BoA Editor" */ = {
			isa = XCConfigurationList;
			buildConfigurations = (
				C0E91ACA08A95435008D54AB /* Debug */,
				C0E91ACB08A95435008D54AB /* Release */,
			);
			defaultConfigurationIsVisible = 0;
			defaultConfigurationName = Release;
		};
/* End XCConfigurationList section */
	};
	rootObject = 20286C28FDCF999611CA2CEA /* Project object */;
}
